
Microsoft Visual Studio Solution File, Format Version 12.00
# Visual Studio 15
VisualStudioVersion = 15.0.28307.421
MinimumVisualStudioVersion = 10.0.40219.1
Project("{FAE04EC0-301F-11D3-BF4B-00C04F79EFBC}") = "WindowsFormsApp9", "WindowsFormsApp9\WindowsFormsApp9.csproj", "{9CAD695B-365F-43EF-84C0-A788CD203DFC}"
EndProject
Global
	GlobalSection(SolutionConfigurationPlatforms) = preSolution
		Debug|Any CPU = Debug|Any CPU
		Release|Any CPU = Release|Any CPU
	EndGlobalSection
	GlobalSection(ProjectConfigurationPlatforms) = postSolution
		{9CAD695B-365F-43EF-84C0-A788CD203DFC}.Debug|Any CPU.ActiveCfg = Debug|Any CPU
		{9CAD695B-365F-43EF-84C0-A788CD203DFC}.Debug|Any CPU.Build.0 = Debug|Any CPU
		{9CAD695B-365F-43EF-84C0-A788CD203DFC}.Release|Any CPU.ActiveCfg = Release|Any CPU
		{9CAD695B-365F-43EF-84C0-A788CD203DFC}.Release|Any CPU.Build.0 = Release|Any CPU
	EndGlobalSection
	GlobalSection(SolutionProperties) = preSolution
		HideSolutionNode = FALSE
	EndGlobalSection
	GlobalSection(ExtensibilityGlobals) = postSolution
		SolutionGuid = {F4C1BC47-42F0-4939-9499-F259B110ABC5}
	EndGlobalSection
EndGlobal
